
Microsoft Visual Studio Solution File, Format Version 12.00
# Visual Studio 15
VisualStudioVersion = 15.0.27004.2006
MinimumVisualStudioVersion = 10.0.40219.1
Project("{8BC9CEB8-8B4A-11D0-8D11-00A0C91BC942}") = "mynewlinkedlisttoturnin", "mynewlinkedlisttoturnin\mynewlinkedlisttoturnin.vcxproj", "{B6D9EEF3-FAB2-4510-8A38-62AFAC09707D}"
EndProject
Global
	GlobalSection(SolutionConfigurationPlatforms) = preSolution
		Debug|x64 = Debug|x64
		Debug|x86 = Debug|x86
		Release|x64 = Release|x64
		Release|x86 = Release|x86
	EndGlobalSection
	GlobalSection(ProjectConfigurationPlatforms) = postSolution
		{B6D9EEF3-FAB2-4510-8A38-62AFAC09707D}.Debug|x64.ActiveCfg = Debug|x64
		{B6D9EEF3-FAB2-4510-8A38-62AFAC09707D}.Debug|x64.Build.0 = Debug|x64
		{B6D9EEF3-FAB2-4510-8A38-62AFAC09707D}.Debug|x86.ActiveCfg = Debug|Win32
		{B6D9EEF3-FAB2-4510-8A38-62AFAC09707D}.Debug|x86.Build.0 = Debug|Win32
		{B6D9EEF3-FAB2-4510-8A38-62AFAC09707D}.Release|x64.ActiveCfg = Release|x64
		{B6D9EEF3-FAB2-4510-8A38-62AFAC09707D}.Release|x64.Build.0 = Release|x64
		{B6D9EEF3-FAB2-4510-8A38-62AFAC09707D}.Release|x86.ActiveCfg = Release|Win32
		{B6D9EEF3-FAB2-4510-8A38-62AFAC09707D}.Release|x86.Build.0 = Release|Win32
	EndGlobalSection
	GlobalSection(SolutionProperties) = preSolution
		HideSolutionNode = FALSE
	EndGlobalSection
	GlobalSection(ExtensibilityGlobals) = postSolution
		SolutionGuid = {049059E0-D779-4907-9D4F-EF65B6DB9471}
	EndGlobalSection
EndGlobal
